// !$*UTF8*$!
{
	archiveVersion = 1;
	classes = {
	};
	objectVersion = 56;
	objects = {

/* Begin PBXBuildFile section */
		84FFF4D42A1B2F1300EC1C38 /* AJCalendarApp.swift in Sources */ = {isa = PBXBuildFile; fileRef = 84FFF4D32A1B2F1300EC1C38 /* AJCalendarApp.swift */; };
		84FFF4D62A1B2F1300EC1C38 /* ContentView.swift in Sources */ = {isa = PBXBuildFile; fileRef = 84FFF4D52A1B2F1300EC1C38 /* ContentView.swift */; };
		84FFF4D82A1B2F1400EC1C38 /* Assets.xcassets in Resources */ = {isa = PBXBuildFile; fileRef = 84FFF4D72A1B2F1400EC1C38 /* Assets.xcassets */; };
		84FFF4DB2A1B2F1400EC1C38 /* Preview Assets.xcassets in Resources */ = {isa = PBXBuildFile; fileRef = 84FFF4DA2A1B2F1400EC1C38 /* Preview Assets.xcassets */; };
		84FFF4E52A1B2F1400EC1C38 /* AJCalendarTests.swift in Sources */ = {isa = PBXBuildFile; fileRef = 84FFF4E42A1B2F1400EC1C38 /* AJCalendarTests.swift */; };
		84FFF4EF2A1B2F1400EC1C38 /* AJCalendarUITests.swift in Sources */ = {isa = PBXBuildFile; fileRef = 84FFF4EE2A1B2F1400EC1C38 /* AJCalendarUITests.swift */; };
		84FFF4F12A1B2F1400EC1C38 /* AJCalendarUITestsLaunchTests.swift in Sources */ = {isa = PBXBuildFile; fileRef = 84FFF4F02A1B2F1400EC1C38 /* AJCalendarUITestsLaunchTests.swift */; };
		84FFF4FE2A1B326F00EC1C38 /* FormDatePicker.swift in Sources */ = {isa = PBXBuildFile; fileRef = 84FFF4FD2A1B326F00EC1C38 /* FormDatePicker.swift */; };
		84FFF5012A1B332100EC1C38 /* FormDatePicker+ViewModel.swift in Sources */ = {isa = PBXBuildFile; fileRef = 84FFF5002A1B332100EC1C38 /* FormDatePicker+ViewModel.swift */; };
		84FFF5042A1B339300EC1C38 /* DatePickerView.swift in Sources */ = {isa = PBXBuildFile; fileRef = 84FFF5032A1B339300EC1C38 /* DatePickerView.swift */; };
		84FFF5072A1B385E00EC1C38 /* FormButton.swift in Sources */ = {isa = PBXBuildFile; fileRef = 84FFF5062A1B385E00EC1C38 /* FormButton.swift */; };
		84FFF5092A1B387D00EC1C38 /* FormButton+ViewModel.swift in Sources */ = {isa = PBXBuildFile; fileRef = 84FFF5082A1B387D00EC1C38 /* FormButton+ViewModel.swift */; };
		84FFF50D2A1B3D6A00EC1C38 /* Date+Custom.swift in Sources */ = {isa = PBXBuildFile; fileRef = 84FFF50C2A1B3D6A00EC1C38 /* Date+Custom.swift */; };
		84FFF5102A1B410900EC1C38 /* RoundedCorner.swift in Sources */ = {isa = PBXBuildFile; fileRef = 84FFF50F2A1B410900EC1C38 /* RoundedCorner.swift */; };
		84FFF5132A1B49BF00EC1C38 /* CalendarService.swift in Sources */ = {isa = PBXBuildFile; fileRef = 84FFF5122A1B49BF00EC1C38 /* CalendarService.swift */; };
		84FFF5162A1B4D6500EC1C38 /* PublicHoliday.swift in Sources */ = {isa = PBXBuildFile; fileRef = 84FFF5152A1B4D6500EC1C38 /* PublicHoliday.swift */; };
		84FFF5182A1B592000EC1C38 /* Array+toDictionary.swift in Sources */ = {isa = PBXBuildFile; fileRef = 84FFF5172A1B592000EC1C38 /* Array+toDictionary.swift */; };
/* End PBXBuildFile section */

/* Begin PBXContainerItemProxy section */
		84FFF4E12A1B2F1400EC1C38 /* PBXContainerItemProxy */ = {
			isa = PBXContainerItemProxy;
			containerPortal = 84FFF4C82A1B2F1300EC1C38 /* Project object */;
			proxyType = 1;
			remoteGlobalIDString = 84FFF4CF2A1B2F1300EC1C38;
			remoteInfo = AJCalendar;
		};
		84FFF4EB2A1B2F1400EC1C38 /* PBXContainerItemProxy */ = {
			isa = PBXContainerItemProxy;
			containerPortal = 84FFF4C82A1B2F1300EC1C38 /* Project object */;
			proxyType = 1;
			remoteGlobalIDString = 84FFF4CF2A1B2F1300EC1C38;
			remoteInfo = AJCalendar;
		};
/* End PBXContainerItemProxy section */

/* Begin PBXFileReference section */
		84FFF4D02A1B2F1300EC1C38 /* AJCalendar.app */ = {isa = PBXFileReference; explicitFileType = wrapper.application; includeInIndex = 0; path = AJCalendar.app; sourceTree = BUILT_PRODUCTS_DIR; };
		84FFF4D32A1B2F1300EC1C38 /* AJCalendarApp.swift */ = {isa = PBXFileReference; lastKnownFileType = sourcecode.swift; path = AJCalendarApp.swift; sourceTree = "<group>"; };
		84FFF4D52A1B2F1300EC1C38 /* ContentView.swift */ = {isa = PBXFileReference; lastKnownFileType = sourcecode.swift; path = ContentView.swift; sourceTree = "<group>"; };
		84FFF4D72A1B2F1400EC1C38 /* Assets.xcassets */ = {isa = PBXFileReference; lastKnownFileType = folder.assetcatalog; path = Assets.xcassets; sourceTree = "<group>"; };
		84FFF4DA2A1B2F1400EC1C38 /* Preview Assets.xcassets */ = {isa = PBXFileReference; lastKnownFileType = folder.assetcatalog; path = "Preview Assets.xcassets"; sourceTree = "<group>"; };
		84FFF4E02A1B2F1400EC1C38 /* AJCalendarTests.xctest */ = {isa = PBXFileReference; explicitFileType = wrapper.cfbundle; includeInIndex = 0; path = AJCalendarTests.xctest; sourceTree = BUILT_PRODUCTS_DIR; };
		84FFF4E42A1B2F1400EC1C38 /* AJCalendarTests.swift */ = {isa = PBXFileReference; lastKnownFileType = sourcecode.swift; path = AJCalendarTests.swift; sourceTree = "<group>"; };
		84FFF4EA2A1B2F1400EC1C38 /* AJCalendarUITests.xctest */ = {isa = PBXFileReference; explicitFileType = wrapper.cfbundle; includeInIndex = 0; path = AJCalendarUITests.xctest; sourceTree = BUILT_PRODUCTS_DIR; };
		84FFF4EE2A1B2F1400EC1C38 /* AJCalendarUITests.swift */ = {isa = PBXFileReference; lastKnownFileType = sourcecode.swift; path = AJCalendarUITests.swift; sourceTree = "<group>"; };
		84FFF4F02A1B2F1400EC1C38 /* AJCalendarUITestsLaunchTests.swift */ = {isa = PBXFileReference; lastKnownFileType = sourcecode.swift; path = AJCalendarUITestsLaunchTests.swift; sourceTree = "<group>"; };
		84FFF4FD2A1B326F00EC1C38 /* FormDatePicker.swift */ = {isa = PBXFileReference; lastKnownFileType = sourcecode.swift; path = FormDatePicker.swift; sourceTree = "<group>"; };
		84FFF5002A1B332100EC1C38 /* FormDatePicker+ViewModel.swift */ = {isa = PBXFileReference; lastKnownFileType = sourcecode.swift; path = "FormDatePicker+ViewModel.swift"; sourceTree = "<group>"; };
		84FFF5032A1B339300EC1C38 /* DatePickerView.swift */ = {isa = PBXFileReference; lastKnownFileType = sourcecode.swift; path = DatePickerView.swift; sourceTree = "<group>"; };
		84FFF5062A1B385E00EC1C38 /* FormButton.swift */ = {isa = PBXFileReference; lastKnownFileType = sourcecode.swift; path = FormButton.swift; sourceTree = "<group>"; };
		84FFF5082A1B387D00EC1C38 /* FormButton+ViewModel.swift */ = {isa = PBXFileReference; lastKnownFileType = sourcecode.swift; path = "FormButton+ViewModel.swift"; sourceTree = "<group>"; };
		84FFF50C2A1B3D6A00EC1C38 /* Date+Custom.swift */ = {isa = PBXFileReference; lastKnownFileType = sourcecode.swift; path = "Date+Custom.swift"; sourceTree = "<group>"; };
		84FFF50F2A1B410900EC1C38 /* RoundedCorner.swift */ = {isa = PBXFileReference; lastKnownFileType = sourcecode.swift; path = RoundedCorner.swift; sourceTree = "<group>"; };
		84FFF5122A1B49BF00EC1C38 /* CalendarService.swift */ = {isa = PBXFileReference; lastKnownFileType = sourcecode.swift; path = CalendarService.swift; sourceTree = "<group>"; };
		84FFF5152A1B4D6500EC1C38 /* PublicHoliday.swift */ = {isa = PBXFileReference; lastKnownFileType = sourcecode.swift; path = PublicHoliday.swift; sourceTree = "<group>"; };
		84FFF5172A1B592000EC1C38 /* Array+toDictionary.swift */ = {isa = PBXFileReference; lastKnownFileType = sourcecode.swift; path = "Array+toDictionary.swift"; sourceTree = "<group>"; };
/* End PBXFileReference section */

/* Begin PBXFrameworksBuildPhase section */
		84FFF4CD2A1B2F1300EC1C38 /* Frameworks */ = {
			isa = PBXFrameworksBuildPhase;
			buildActionMask = 2147483647;
			files = (
			);
			runOnlyForDeploymentPostprocessing = 0;
		};
		84FFF4DD2A1B2F1400EC1C38 /* Frameworks */ = {
			isa = PBXFrameworksBuildPhase;
			buildActionMask = 2147483647;
			files = (
			);
			runOnlyForDeploymentPostprocessing = 0;
		};
		84FFF4E72A1B2F1400EC1C38 /* Frameworks */ = {
			isa = PBXFrameworksBuildPhase;
			buildActionMask = 2147483647;
			files = (
			);
			runOnlyForDeploymentPostprocessing = 0;
		};
/* End PBXFrameworksBuildPhase section */

/* Begin PBXGroup section */
		84FFF4C72A1B2F1300EC1C38 = {
			isa = PBXGroup;
			children = (
				84FFF4D22A1B2F1300EC1C38 /* AJCalendar */,
				84FFF4E32A1B2F1400EC1C38 /* AJCalendarTests */,
				84FFF4ED2A1B2F1400EC1C38 /* AJCalendarUITests */,
				84FFF4D12A1B2F1300EC1C38 /* Products */,
			);
			sourceTree = "<group>";
		};
		84FFF4D12A1B2F1300EC1C38 /* Products */ = {
			isa = PBXGroup;
			children = (
				84FFF4D02A1B2F1300EC1C38 /* AJCalendar.app */,
				84FFF4E02A1B2F1400EC1C38 /* AJCalendarTests.xctest */,
				84FFF4EA2A1B2F1400EC1C38 /* AJCalendarUITests.xctest */,
			);
			name = Products;
			sourceTree = "<group>";
		};
		84FFF4D22A1B2F1300EC1C38 /* AJCalendar */ = {
			isa = PBXGroup;
			children = (
				84FFF50B2A1B3D5100EC1C38 /* Shared */,
				84FFF5112A1B49AE00EC1C38 /* CalendarService */,
				84FFF5052A1B385000EC1C38 /* FormButton */,
				84FFF5022A1B336700EC1C38 /* DatePickerView */,
				84FFF4FF2A1B32AA00EC1C38 /* FormDatePicker */,
				84FFF4D32A1B2F1300EC1C38 /* AJCalendarApp.swift */,
				84FFF4D52A1B2F1300EC1C38 /* ContentView.swift */,
				84FFF4D72A1B2F1400EC1C38 /* Assets.xcassets */,
				84FFF4D92A1B2F1400EC1C38 /* Preview Content */,
			);
			path = AJCalendar;
			sourceTree = "<group>";
		};
		84FFF4D92A1B2F1400EC1C38 /* Preview Content */ = {
			isa = PBXGroup;
			children = (
				84FFF4DA2A1B2F1400EC1C38 /* Preview Assets.xcassets */,
			);
			path = "Preview Content";
			sourceTree = "<group>";
		};
		84FFF4E32A1B2F1400EC1C38 /* AJCalendarTests */ = {
			isa = PBXGroup;
			children = (
				84FFF4E42A1B2F1400EC1C38 /* AJCalendarTests.swift */,
			);
			path = AJCalendarTests;
			sourceTree = "<group>";
		};
		84FFF4ED2A1B2F1400EC1C38 /* AJCalendarUITests */ = {
			isa = PBXGroup;
			children = (
				84FFF4EE2A1B2F1400EC1C38 /* AJCalendarUITests.swift */,
				84FFF4F02A1B2F1400EC1C38 /* AJCalendarUITestsLaunchTests.swift */,
			);
			path = AJCalendarUITests;
			sourceTree = "<group>";
		};
		84FFF4FF2A1B32AA00EC1C38 /* FormDatePicker */ = {
			isa = PBXGroup;
			children = (
				84FFF4FD2A1B326F00EC1C38 /* FormDatePicker.swift */,
				84FFF5002A1B332100EC1C38 /* FormDatePicker+ViewModel.swift */,
			);
			path = FormDatePicker;
			sourceTree = "<group>";
		};
		84FFF5022A1B336700EC1C38 /* DatePickerView */ = {
			isa = PBXGroup;
			children = (
				84FFF5032A1B339300EC1C38 /* DatePickerView.swift */,
			);
			path = DatePickerView;
			sourceTree = "<group>";
		};
		84FFF5052A1B385000EC1C38 /* FormButton */ = {
			isa = PBXGroup;
			children = (
				84FFF5062A1B385E00EC1C38 /* FormButton.swift */,
				84FFF5082A1B387D00EC1C38 /* FormButton+ViewModel.swift */,
			);
			path = FormButton;
			sourceTree = "<group>";
		};
		84FFF50A2A1B3D4400EC1C38 /* Extensions */ = {
			isa = PBXGroup;
			children = (
				84FFF50C2A1B3D6A00EC1C38 /* Date+Custom.swift */,
				84FFF5172A1B592000EC1C38 /* Array+toDictionary.swift */,
			);
			path = Extensions;
			sourceTree = "<group>";
		};
		84FFF50B2A1B3D5100EC1C38 /* Shared */ = {
			isa = PBXGroup;
			children = (
				84FFF5142A1B4CF600EC1C38 /* Model */,
				84FFF50E2A1B40F300EC1C38 /* UIComponents */,
				84FFF50A2A1B3D4400EC1C38 /* Extensions */,
			);
			path = Shared;
			sourceTree = "<group>";
		};
		84FFF50E2A1B40F300EC1C38 /* UIComponents */ = {
			isa = PBXGroup;
			children = (
				84FFF50F2A1B410900EC1C38 /* RoundedCorner.swift */,
			);
			path = UIComponents;
			sourceTree = "<group>";
		};
		84FFF5112A1B49AE00EC1C38 /* CalendarService */ = {
			isa = PBXGroup;
			children = (
				84FFF5122A1B49BF00EC1C38 /* CalendarService.swift */,
			);
			path = CalendarService;
			sourceTree = "<group>";
		};
		84FFF5142A1B4CF600EC1C38 /* Model */ = {
			isa = PBXGroup;
			children = (
				84FFF5152A1B4D6500EC1C38 /* PublicHoliday.swift */,
			);
			path = Model;
			sourceTree = "<group>";
		};
/* End PBXGroup section */

/* Begin PBXNativeTarget section */
		84FFF4CF2A1B2F1300EC1C38 /* AJCalendar */ = {
			isa = PBXNativeTarget;
			buildConfigurationList = 84FFF4F42A1B2F1400EC1C38 /* Build configuration list for PBXNativeTarget "AJCalendar" */;
			buildPhases = (
				84FFF4CC2A1B2F1300EC1C38 /* Sources */,
				84FFF4CD2A1B2F1300EC1C38 /* Frameworks */,
				84FFF4CE2A1B2F1300EC1C38 /* Resources */,
			);
			buildRules = (
			);
			dependencies = (
			);
			name = AJCalendar;
			productName = AJCalendar;
			productReference = 84FFF4D02A1B2F1300EC1C38 /* AJCalendar.app */;
			productType = "com.apple.product-type.application";
		};
		84FFF4DF2A1B2F1400EC1C38 /* AJCalendarTests */ = {
			isa = PBXNativeTarget;
			buildConfigurationList = 84FFF4F72A1B2F1400EC1C38 /* Build configuration list for PBXNativeTarget "AJCalendarTests" */;
			buildPhases = (
				84FFF4DC2A1B2F1400EC1C38 /* Sources */,
				84FFF4DD2A1B2F1400EC1C38 /* Frameworks */,
				84FFF4DE2A1B2F1400EC1C38 /* Resources */,
			);
			buildRules = (
			);
			dependencies = (
				84FFF4E22A1B2F1400EC1C38 /* PBXTargetDependency */,
			);
			name = AJCalendarTests;
			productName = AJCalendarTests;
			productReference = 84FFF4E02A1B2F1400EC1C38 /* AJCalendarTests.xctest */;
			productType = "com.apple.product-type.bundle.unit-test";
		};
		84FFF4E92A1B2F1400EC1C38 /* AJCalendarUITests */ = {
			isa = PBXNativeTarget;
			buildConfigurationList = 84FFF4FA2A1B2F1400EC1C38 /* Build configuration list for PBXNativeTarget "AJCalendarUITests" */;
			buildPhases = (
				84FFF4E62A1B2F1400EC1C38 /* Sources */,
				84FFF4E72A1B2F1400EC1C38 /* Frameworks */,
				84FFF4E82A1B2F1400EC1C38 /* Resources */,
			);
			buildRules = (
			);
			dependencies = (
				84FFF4EC2A1B2F1400EC1C38 /* PBXTargetDependency */,
			);
			name = AJCalendarUITests;
			productName = AJCalendarUITests;
			productReference = 84FFF4EA2A1B2F1400EC1C38 /* AJCalendarUITests.xctest */;
			productType = "com.apple.product-type.bundle.ui-testing";
		};
/* End PBXNativeTarget section */

/* Begin PBXProject section */
		84FFF4C82A1B2F1300EC1C38 /* Project object */ = {
			isa = PBXProject;
			attributes = {
				BuildIndependentTargetsInParallel = 1;
				LastSwiftUpdateCheck = 1420;
				LastUpgradeCheck = 1420;
				TargetAttributes = {
					84FFF4CF2A1B2F1300EC1C38 = {
						CreatedOnToolsVersion = 14.2;
					};
					84FFF4DF2A1B2F1400EC1C38 = {
						CreatedOnToolsVersion = 14.2;
						TestTargetID = 84FFF4CF2A1B2F1300EC1C38;
					};
					84FFF4E92A1B2F1400EC1C38 = {
						CreatedOnToolsVersion = 14.2;
						TestTargetID = 84FFF4CF2A1B2F1300EC1C38;
					};
				};
			};
			buildConfigurationList = 84FFF4CB2A1B2F1300EC1C38 /* Build configuration list for PBXProject "AJCalendar" */;
			compatibilityVersion = "Xcode 14.0";
			developmentRegion = en;
			hasScannedForEncodings = 0;
			knownRegions = (
				en,
				Base,
			);
			mainGroup = 84FFF4C72A1B2F1300EC1C38;
			productRefGroup = 84FFF4D12A1B2F1300EC1C38 /* Products */;
			projectDirPath = "";
			projectRoot = "";
			targets = (
				84FFF4CF2A1B2F1300EC1C38 /* AJCalendar */,
				84FFF4DF2A1B2F1400EC1C38 /* AJCalendarTests */,
				84FFF4E92A1B2F1400EC1C38 /* AJCalendarUITests */,
			);
		};
/* End PBXProject section */

/* Begin PBXResourcesBuildPhase section */
		84FFF4CE2A1B2F1300EC1C38 /* Resources */ = {
			isa = PBXResourcesBuildPhase;
			buildActionMask = 2147483647;
			files = (
				84FFF4DB2A1B2F1400EC1C38 /* Preview Assets.xcassets in Resources */,
				84FFF4D82A1B2F1400EC1C38 /* Assets.xcassets in Resources */,
			);
			runOnlyForDeploymentPostprocessing = 0;
		};
		84FFF4DE2A1B2F1400EC1C38 /* Resources */ = {
			isa = PBXResourcesBuildPhase;
			buildActionMask = 2147483647;
			files = (
			);
			runOnlyForDeploymentPostprocessing = 0;
		};
		84FFF4E82A1B2F1400EC1C38 /* Resources */ = {
			isa = PBXResourcesBuildPhase;
			buildActionMask = 2147483647;
			files = (
			);
			runOnlyForDeploymentPostprocessing = 0;
		};
/* End PBXResourcesBuildPhase section */

/* Begin PBXSourcesBuildPhase section */
		84FFF4CC2A1B2F1300EC1C38 /* Sources */ = {
			isa = PBXSourcesBuildPhase;
			buildActionMask = 2147483647;
			files = (
				84FFF50D2A1B3D6A00EC1C38 /* Date+Custom.swift in Sources */,
				84FFF5092A1B387D00EC1C38 /* FormButton+ViewModel.swift in Sources */,
				84FFF5012A1B332100EC1C38 /* FormDatePicker+ViewModel.swift in Sources */,
				84FFF5132A1B49BF00EC1C38 /* CalendarService.swift in Sources */,
				84FFF5162A1B4D6500EC1C38 /* PublicHoliday.swift in Sources */,
				84FFF5042A1B339300EC1C38 /* DatePickerView.swift in Sources */,
				84FFF4D62A1B2F1300EC1C38 /* ContentView.swift in Sources */,
				84FFF4FE2A1B326F00EC1C38 /* FormDatePicker.swift in Sources */,
				84FFF4D42A1B2F1300EC1C38 /* AJCalendarApp.swift in Sources */,
				84FFF5102A1B410900EC1C38 /* RoundedCorner.swift in Sources */,
				84FFF5182A1B592000EC1C38 /* Array+toDictionary.swift in Sources */,
				84FFF5072A1B385E00EC1C38 /* FormButton.swift in Sources */,
			);
			runOnlyForDeploymentPostprocessing = 0;
		};
		84FFF4DC2A1B2F1400EC1C38 /* Sources */ = {
			isa = PBXSourcesBuildPhase;
			buildActionMask = 2147483647;
			files = (
				84FFF4E52A1B2F1400EC1C38 /* AJCalendarTests.swift in Sources */,
			);
			runOnlyForDeploymentPostprocessing = 0;
		};
		84FFF4E62A1B2F1400EC1C38 /* Sources */ = {
			isa = PBXSourcesBuildPhase;
			buildActionMask = 2147483647;
			files = (
				84FFF4EF2A1B2F1400EC1C38 /* AJCalendarUITests.swift in Sources */,
				84FFF4F12A1B2F1400EC1C38 /* AJCalendarUITestsLaunchTests.swift in Sources */,
			);
			runOnlyForDeploymentPostprocessing = 0;
		};
/* End PBXSourcesBuildPhase section */

/* Begin PBXTargetDependency section */
		84FFF4E22A1B2F1400EC1C38 /* PBXTargetDependency */ = {
			isa = PBXTargetDependency;
			target = 84FFF4CF2A1B2F1300EC1C38 /* AJCalendar */;
			targetProxy = 84FFF4E12A1B2F1400EC1C38 /* PBXContainerItemProxy */;
		};
		84FFF4EC2A1B2F1400EC1C38 /* PBXTargetDependency */ = {
			isa = PBXTargetDependency;
			target = 84FFF4CF2A1B2F1300EC1C38 /* AJCalendar */;
			targetProxy = 84FFF4EB2A1B2F1400EC1C38 /* PBXContainerItemProxy */;
		};
/* End PBXTargetDependency section */

/* Begin XCBuildConfiguration section */
		84FFF4F22A1B2F1400EC1C38 /* Debug */ = {
			isa = XCBuildConfiguration;
			buildSettings = {
				ALWAYS_SEARCH_USER_PATHS = NO;
				CLANG_ANALYZER_NONNULL = YES;
				CLANG_ANALYZER_NUMBER_OBJECT_CONVERSION = YES_AGGRESSIVE;
				CLANG_CXX_LANGUAGE_STANDARD = "gnu++20";
				CLANG_ENABLE_MODULES = YES;
				CLANG_ENABLE_OBJC_ARC = YES;
				CLANG_ENABLE_OBJC_WEAK = YES;
				CLANG_WARN_BLOCK_CAPTURE_AUTORELEASING = YES;
				CLANG_WARN_BOOL_CONVERSION = YES;
				CLANG_WARN_COMMA = YES;
				CLANG_WARN_CONSTANT_CONVERSION = YES;
				CLANG_WARN_DEPRECATED_OBJC_IMPLEMENTATIONS = YES;
				CLANG_WARN_DIRECT_OBJC_ISA_USAGE = YES_ERROR;
				CLANG_WARN_DOCUMENTATION_COMMENTS = YES;
				CLANG_WARN_EMPTY_BODY = YES;
				CLANG_WARN_ENUM_CONVERSION = YES;
				CLANG_WARN_INFINITE_RECURSION = YES;
				CLANG_WARN_INT_CONVERSION = YES;
				CLANG_WARN_NON_LITERAL_NULL_CONVERSION = YES;
				CLANG_WARN_OBJC_IMPLICIT_RETAIN_SELF = YES;
				CLANG_WARN_OBJC_LITERAL_CONVERSION = YES;
				CLANG_WARN_OBJC_ROOT_CLASS = YES_ERROR;
				CLANG_WARN_QUOTED_INCLUDE_IN_FRAMEWORK_HEADER = YES;
				CLANG_WARN_RANGE_LOOP_ANALYSIS = YES;
				CLANG_WARN_STRICT_PROTOTYPES = YES;
				CLANG_WARN_SUSPICIOUS_MOVE = YES;
				CLANG_WARN_UNGUARDED_AVAILABILITY = YES_AGGRESSIVE;
				CLANG_WARN_UNREACHABLE_CODE = YES;
				CLANG_WARN__DUPLICATE_METHOD_MATCH = YES;
				COPY_PHASE_STRIP = NO;
				DEBUG_INFORMATION_FORMAT = dwarf;
				ENABLE_STRICT_OBJC_MSGSEND = YES;
				ENABLE_TESTABILITY = YES;
				GCC_C_LANGUAGE_STANDARD = gnu11;
				GCC_DYNAMIC_NO_PIC = NO;
				GCC_NO_COMMON_BLOCKS = YES;
				GCC_OPTIMIZATION_LEVEL = 0;
				GCC_PREPROCESSOR_DEFINITIONS = (
					"DEBUG=1",
					"$(inherited)",
				);
				GCC_WARN_64_TO_32_BIT_CONVERSION = YES;
				GCC_WARN_ABOUT_RETURN_TYPE = YES_ERROR;
				GCC_WARN_UNDECLARED_SELECTOR = YES;
				GCC_WARN_UNINITIALIZED_AUTOS = YES_AGGRESSIVE;
				GCC_WARN_UNUSED_FUNCTION = YES;
				GCC_WARN_UNUSED_VARIABLE = YES;
				IPHONEOS_DEPLOYMENT_TARGET = 16.2;
				MTL_ENABLE_DEBUG_INFO = INCLUDE_SOURCE;
				MTL_FAST_MATH = YES;
				ONLY_ACTIVE_ARCH = YES;
				SDKROOT = iphoneos;
				SWIFT_ACTIVE_COMPILATION_CONDITIONS = DEBUG;
				SWIFT_OPTIMIZATION_LEVEL = "-Onone";
			};
			name = Debug;
		};
		84FFF4F32A1B2F1400EC1C38 /* Release */ = {
			isa = XCBuildConfiguration;
			buildSettings = {
				ALWAYS_SEARCH_USER_PATHS = NO;
				CLANG_ANALYZER_NONNULL = YES;
				CLANG_ANALYZER_NUMBER_OBJECT_CONVERSION = YES_AGGRESSIVE;
				CLANG_CXX_LANGUAGE_STANDARD = "gnu++20";
				CLANG_ENABLE_MODULES = YES;
				CLANG_ENABLE_OBJC_ARC = YES;
				CLANG_ENABLE_OBJC_WEAK = YES;
				CLANG_WARN_BLOCK_CAPTURE_AUTORELEASING = YES;
				CLANG_WARN_BOOL_CONVERSION = YES;
				CLANG_WARN_COMMA = YES;
				CLANG_WARN_CONSTANT_CONVERSION = YES;
				CLANG_WARN_DEPRECATED_OBJC_IMPLEMENTATIONS = YES;
				CLANG_WARN_DIRECT_OBJC_ISA_USAGE = YES_ERROR;
				CLANG_WARN_DOCUMENTATION_COMMENTS = YES;
				CLANG_WARN_EMPTY_BODY = YES;
				CLANG_WARN_ENUM_CONVERSION = YES;
				CLANG_WARN_INFINITE_RECURSION = YES;
				CLANG_WARN_INT_CONVERSION = YES;
				CLANG_WARN_NON_LITERAL_NULL_CONVERSION = YES;
				CLANG_WARN_OBJC_IMPLICIT_RETAIN_SELF = YES;
				CLANG_WARN_OBJC_LITERAL_CONVERSION = YES;
				CLANG_WARN_OBJC_ROOT_CLASS = YES_ERROR;
				CLANG_WARN_QUOTED_INCLUDE_IN_FRAMEWORK_HEADER = YES;
				CLANG_WARN_RANGE_LOOP_ANALYSIS = YES;
				CLANG_WARN_STRICT_PROTOTYPES = YES;
				CLANG_WARN_SUSPICIOUS_MOVE = YES;
				CLANG_WARN_UNGUARDED_AVAILABILITY = YES_AGGRESSIVE;
				CLANG_WARN_UNREACHABLE_CODE = YES;
				CLANG_WARN__DUPLICATE_METHOD_MATCH = YES;
				COPY_PHASE_STRIP = NO;
				DEBUG_INFORMATION_FORMAT = "dwarf-with-dsym";
				ENABLE_NS_ASSERTIONS = NO;
				ENABLE_STRICT_OBJC_MSGSEND = YES;
				GCC_C_LANGUAGE_STANDARD = gnu11;
				GCC_NO_COMMON_BLOCKS = YES;
				GCC_WARN_64_TO_32_BIT_CONVERSION = YES;
				GCC_WARN_ABOUT_RETURN_TYPE = YES_ERROR;
				GCC_WARN_UNDECLARED_SELECTOR = YES;
				GCC_WARN_UNINITIALIZED_AUTOS = YES_AGGRESSIVE;
				GCC_WARN_UNUSED_FUNCTION = YES;
				GCC_WARN_UNUSED_VARIABLE = YES;
				IPHONEOS_DEPLOYMENT_TARGET = 16.2;
				MTL_ENABLE_DEBUG_INFO = NO;
				MTL_FAST_MATH = YES;
				SDKROOT = iphoneos;
				SWIFT_COMPILATION_MODE = wholemodule;
				SWIFT_OPTIMIZATION_LEVEL = "-O";
				VALIDATE_PRODUCT = YES;
			};
			name = Release;
		};
		84FFF4F52A1B2F1400EC1C38 /* Debug */ = {
			isa = XCBuildConfiguration;
			buildSettings = {
				ASSETCATALOG_COMPILER_APPICON_NAME = AppIcon;
				ASSETCATALOG_COMPILER_GLOBAL_ACCENT_COLOR_NAME = AccentColor;
				CODE_SIGN_STYLE = Automatic;
				CURRENT_PROJECT_VERSION = 1;
				DEVELOPMENT_ASSET_PATHS = "\"AJCalendar/Preview Content\"";
				ENABLE_PREVIEWS = YES;
				GENERATE_INFOPLIST_FILE = YES;
				INFOPLIST_KEY_UIApplicationSceneManifest_Generation = YES;
				INFOPLIST_KEY_UIApplicationSupportsIndirectInputEvents = YES;
				INFOPLIST_KEY_UILaunchScreen_Generation = YES;
				INFOPLIST_KEY_UISupportedInterfaceOrientations_iPad = "UIInterfaceOrientationPortrait UIInterfaceOrientationPortraitUpsideDown UIInterfaceOrientationLandscapeLeft UIInterfaceOrientationLandscapeRight";
				INFOPLIST_KEY_UISupportedInterfaceOrientations_iPhone = "UIInterfaceOrientationPortrait UIInterfaceOrientationLandscapeLeft UIInterfaceOrientationLandscapeRight";
				LD_RUNPATH_SEARCH_PATHS = (
					"$(inherited)",
					"@executable_path/Frameworks",
				);
				MARKETING_VERSION = 1.0;
				PRODUCT_BUNDLE_IDENTIFIER = com.ajones.AJCalendar;
				PRODUCT_NAME = "$(TARGET_NAME)";
				SWIFT_EMIT_LOC_STRINGS = YES;
				SWIFT_VERSION = 5.0;
				TARGETED_DEVICE_FAMILY = "1,2";
			};
			name = Debug;
		};
		84FFF4F62A1B2F1400EC1C38 /* Release */ = {
			isa = XCBuildConfiguration;
			buildSettings = {
				ASSETCATALOG_COMPILER_APPICON_NAME = AppIcon;
				ASSETCATALOG_COMPILER_GLOBAL_ACCENT_COLOR_NAME = AccentColor;
				CODE_SIGN_STYLE = Automatic;
				CURRENT_PROJECT_VERSION = 1;
				DEVELOPMENT_ASSET_PATHS = "\"AJCalendar/Preview Content\"";
				ENABLE_PREVIEWS = YES;
				GENERATE_INFOPLIST_FILE = YES;
				INFOPLIST_KEY_UIApplicationSceneManifest_Generation = YES;
				INFOPLIST_KEY_UIApplicationSupportsIndirectInputEvents = YES;
				INFOPLIST_KEY_UILaunchScreen_Generation = YES;
				INFOPLIST_KEY_UISupportedInterfaceOrientations_iPad = "UIInterfaceOrientationPortrait UIInterfaceOrientationPortraitUpsideDown UIInterfaceOrientationLandscapeLeft UIInterfaceOrientationLandscapeRight";
				INFOPLIST_KEY_UISupportedInterfaceOrientations_iPhone = "UIInterfaceOrientationPortrait UIInterfaceOrientationLandscapeLeft UIInterfaceOrientationLandscapeRight";
				LD_RUNPATH_SEARCH_PATHS = (
					"$(inherited)",
					"@executable_path/Frameworks",
				);
				MARKETING_VERSION = 1.0;
				PRODUCT_BUNDLE_IDENTIFIER = com.ajones.AJCalendar;
				PRODUCT_NAME = "$(TARGET_NAME)";
				SWIFT_EMIT_LOC_STRINGS = YES;
				SWIFT_VERSION = 5.0;
				TARGETED_DEVICE_FAMILY = "1,2";
			};
			name = Release;
		};
		84FFF4F82A1B2F1400EC1C38 /* Debug */ = {
			isa = XCBuildConfiguration;
			buildSettings = {
				ALWAYS_EMBED_SWIFT_STANDARD_LIBRARIES = YES;
				BUNDLE_LOADER = "$(TEST_HOST)";
				CODE_SIGN_STYLE = Automatic;
				CURRENT_PROJECT_VERSION = 1;
				GENERATE_INFOPLIST_FILE = YES;
				IPHONEOS_DEPLOYMENT_TARGET = 16.2;
				MARKETING_VERSION = 1.0;
				PRODUCT_BUNDLE_IDENTIFIER = com.ajones.AJCalendarTests;
				PRODUCT_NAME = "$(TARGET_NAME)";
				SWIFT_EMIT_LOC_STRINGS = NO;
				SWIFT_VERSION = 5.0;
				TARGETED_DEVICE_FAMILY = "1,2";
				TEST_HOST = "$(BUILT_PRODUCTS_DIR)/AJCalendar.app/$(BUNDLE_EXECUTABLE_FOLDER_PATH)/AJCalendar";
			};
			name = Debug;
		};
		84FFF4F92A1B2F1400EC1C38 /* Release */ = {
			isa = XCBuildConfiguration;
			buildSettings = {
				ALWAYS_EMBED_SWIFT_STANDARD_LIBRARIES = YES;
				BUNDLE_LOADER = "$(TEST_HOST)";
				CODE_SIGN_STYLE = Automatic;
				CURRENT_PROJECT_VERSION = 1;
				GENERATE_INFOPLIST_FILE = YES;
				IPHONEOS_DEPLOYMENT_TARGET = 16.2;
				MARKETING_VERSION = 1.0;
				PRODUCT_BUNDLE_IDENTIFIER = com.ajones.AJCalendarTests;
				PRODUCT_NAME = "$(TARGET_NAME)";
				SWIFT_EMIT_LOC_STRINGS = NO;
				SWIFT_VERSION = 5.0;
				TARGETED_DEVICE_FAMILY = "1,2";
				TEST_HOST = "$(BUILT_PRODUCTS_DIR)/AJCalendar.app/$(BUNDLE_EXECUTABLE_FOLDER_PATH)/AJCalendar";
			};
			name = Release;
		};
		84FFF4FB2A1B2F1400EC1C38 /* Debug */ = {
			isa = XCBuildConfiguration;
			buildSettings = {
				ALWAYS_EMBED_SWIFT_STANDARD_LIBRARIES = YES;
				CODE_SIGN_STYLE = Automatic;
				CURRENT_PROJECT_VERSION = 1;
				GENERATE_INFOPLIST_FILE = YES;
				MARKETING_VERSION = 1.0;
				PRODUCT_BUNDLE_IDENTIFIER = com.ajones.AJCalendarUITests;
				PRODUCT_NAME = "$(TARGET_NAME)";
				SWIFT_EMIT_LOC_STRINGS = NO;
				SWIFT_VERSION = 5.0;
				TARGETED_DEVICE_FAMILY = "1,2";
				TEST_TARGET_NAME = AJCalendar;
			};
			name = Debug;
		};
		84FFF4FC2A1B2F1400EC1C38 /* Release */ = {
			isa = XCBuildConfiguration;
			buildSettings = {
				ALWAYS_EMBED_SWIFT_STANDARD_LIBRARIES = YES;
				CODE_SIGN_STYLE = Automatic;
				CURRENT_PROJECT_VERSION = 1;
				GENERATE_INFOPLIST_FILE = YES;
				MARKETING_VERSION = 1.0;
				PRODUCT_BUNDLE_IDENTIFIER = com.ajones.AJCalendarUITests;
				PRODUCT_NAME = "$(TARGET_NAME)";
				SWIFT_EMIT_LOC_STRINGS = NO;
				SWIFT_VERSION = 5.0;
				TARGETED_DEVICE_FAMILY = "1,2";
				TEST_TARGET_NAME = AJCalendar;
			};
			name = Release;
		};
/* End XCBuildConfiguration section */

/* Begin XCConfigurationList section */
		84FFF4CB2A1B2F1300EC1C38 /* Build configuration list for PBXProject "AJCalendar" */ = {
			isa = XCConfigurationList;
			buildConfigurations = (
				84FFF4F22A1B2F1400EC1C38 /* Debug */,
				84FFF4F32A1B2F1400EC1C38 /* Release */,
			);
			defaultConfigurationIsVisible = 0;
			defaultConfigurationName = Release;
		};
		84FFF4F42A1B2F1400EC1C38 /* Build configuration list for PBXNativeTarget "AJCalendar" */ = {
			isa = XCConfigurationList;
			buildConfigurations = (
				84FFF4F52A1B2F1400EC1C38 /* Debug */,
				84FFF4F62A1B2F1400EC1C38 /* Release */,
			);
			defaultConfigurationIsVisible = 0;
			defaultConfigurationName = Release;
		};
		84FFF4F72A1B2F1400EC1C38 /* Build configuration list for PBXNativeTarget "AJCalendarTests" */ = {
			isa = XCConfigurationList;
			buildConfigurations = (
				84FFF4F82A1B2F1400EC1C38 /* Debug */,
				84FFF4F92A1B2F1400EC1C38 /* Release */,
			);
			defaultConfigurationIsVisible = 0;
			defaultConfigurationName = Release;
		};
		84FFF4FA2A1B2F1400EC1C38 /* Build configuration list for PBXNativeTarget "AJCalendarUITests" */ = {
			isa = XCConfigurationList;
			buildConfigurations = (
				84FFF4FB2A1B2F1400EC1C38 /* Debug */,
				84FFF4FC2A1B2F1400EC1C38 /* Release */,
			);
			defaultConfigurationIsVisible = 0;
			defaultConfigurationName = Release;
		};
/* End XCConfigurationList section */
	};
	rootObject = 84FFF4C82A1B2F1300EC1C38 /* Project object */;
}
